
Microsoft Visual Studio Solution File, Format Version 12.00
# Visual Studio Version 16
VisualStudioVersion = 16.0.30717.126
MinimumVisualStudioVersion = 10.0.40219.1
Project("{9A19103F-16F7-4668-BE54-9A1E7A4F7556}") = "AlApar", "AlApar\AlApar.csproj", "{8EB4D506-3D34-4C6D-AC03-8FD4813E445F}"
EndProject
Global
	GlobalSection(SolutionConfigurationPlatforms) = preSolution
		Debug|Any CPU = Debug|Any CPU
		Release|Any CPU = Release|Any CPU
	EndGlobalSection
	GlobalSection(ProjectConfigurationPlatforms) = postSolution
		{8EB4D506-3D34-4C6D-AC03-8FD4813E445F}.Debug|Any CPU.ActiveCfg = Debug|Any CPU
		{8EB4D506-3D34-4C6D-AC03-8FD4813E445F}.Debug|Any CPU.Build.0 = Debug|Any CPU
		{8EB4D506-3D34-4C6D-AC03-8FD4813E445F}.Release|Any CPU.ActiveCfg = Release|Any CPU
		{8EB4D506-3D34-4C6D-AC03-8FD4813E445F}.Release|Any CPU.Build.0 = Release|Any CPU
	EndGlobalSection
	GlobalSection(SolutionProperties) = preSolution
		HideSolutionNode = FALSE
	EndGlobalSection
	GlobalSection(ExtensibilityGlobals) = postSolution
		SolutionGuid = {40F935D4-A9E3-475E-A5F3-5109D3A25BCE}
	EndGlobalSection
EndGlobal
